
Microsoft Visual Studio Solution File, Format Version 12.00
# Visual Studio Version 17
VisualStudioVersion = 17.7.34024.191
MinimumVisualStudioVersion = 10.0.40219.1
Project("{FAE04EC0-301F-11D3-BF4B-00C04F79EFBC}") = "LearningDotNet", "LearningDotNet\LearningDotNet.csproj", "{F6F73E1B-BBC2-4381-BD87-3911C16BFE37}"
EndProject
Global
	GlobalSection(SolutionConfigurationPlatforms) = preSolution
		Debug|Any CPU = Debug|Any CPU
		Release|Any CPU = Release|Any CPU
	EndGlobalSection
	GlobalSection(ProjectConfigurationPlatforms) = postSolution
		{F6F73E1B-BBC2-4381-BD87-3911C16BFE37}.Debug|Any CPU.ActiveCfg = Debug|Any CPU
		{F6F73E1B-BBC2-4381-BD87-3911C16BFE37}.Debug|Any CPU.Build.0 = Debug|Any CPU
		{F6F73E1B-BBC2-4381-BD87-3911C16BFE37}.Release|Any CPU.ActiveCfg = Release|Any CPU
		{F6F73E1B-BBC2-4381-BD87-3911C16BFE37}.Release|Any CPU.Build.0 = Release|Any CPU
	EndGlobalSection
	GlobalSection(SolutionProperties) = preSolution
		HideSolutionNode = FALSE
	EndGlobalSection
	GlobalSection(ExtensibilityGlobals) = postSolution
		SolutionGuid = {C0D07948-D494-40E1-A8F2-309D066CD730}
	EndGlobalSection
EndGlobal
